// !$*UTF8*$!
{
	archiveVersion = 1;
	classes = {
	};
	objectVersion = 55;
	objects = {

/* Begin PBXBuildFile section */
		BF20DD9C289672C500F3F9B4 /* VideoPlayerVC.swift in Sources */ = {isa = PBXBuildFile; fileRef = BF20DD9B289672C400F3F9B4 /* VideoPlayerVC.swift */; };
		BF20DD9E2896833700F3F9B4 /* PlantDetailsVC.swift in Sources */ = {isa = PBXBuildFile; fileRef = BF20DD9D2896833700F3F9B4 /* PlantDetailsVC.swift */; };
		BF20DDA02896880200F3F9B4 /* DetailsDescriptionView.swift in Sources */ = {isa = PBXBuildFile; fileRef = BF20DD9F2896880200F3F9B4 /* DetailsDescriptionView.swift */; };
		BF20DDA22896896F00F3F9B4 /* DetailsTopView.swift in Sources */ = {isa = PBXBuildFile; fileRef = BF20DDA12896896F00F3F9B4 /* DetailsTopView.swift */; };
		BF22F7432891A4D6000AAAD7 /* YPImagePicker in Frameworks */ = {isa = PBXBuildFile; productRef = BF22F7422891A4D6000AAAD7 /* YPImagePicker */; };
		BF22F7452891A5C7000AAAD7 /* PlantsCell.swift in Sources */ = {isa = PBXBuildFile; fileRef = BF22F7442891A5C7000AAAD7 /* PlantsCell.swift */; };
		BF28A58128947F80000F27E6 /* ChildTutorialsCell.swift in Sources */ = {isa = PBXBuildFile; fileRef = BF28A58028947F80000F27E6 /* ChildTutorialsCell.swift */; };
		BF28A583289492DB000F27E6 /* CategoriesCell.swift in Sources */ = {isa = PBXBuildFile; fileRef = BF28A582289492DB000F27E6 /* CategoriesCell.swift */; };
		BF28A585289492E6000F27E6 /* TutorialsCell.swift in Sources */ = {isa = PBXBuildFile; fileRef = BF28A584289492E6000F27E6 /* TutorialsCell.swift */; };
		BF28A587289499C3000F27E6 /* Model.swift in Sources */ = {isa = PBXBuildFile; fileRef = BF28A586289499C3000F27E6 /* Model.swift */; };
		BF28A5892894A6E8000F27E6 /* HeaderReusableView.swift in Sources */ = {isa = PBXBuildFile; fileRef = BF28A5882894A6E8000F27E6 /* HeaderReusableView.swift */; };
		BF3E02EA288D3B5F0029B14D /* AppDelegate.swift in Sources */ = {isa = PBXBuildFile; fileRef = BF3E02E9288D3B5F0029B14D /* AppDelegate.swift */; };
		BF3E02EE288D3B5F0029B14D /* MainVC.swift in Sources */ = {isa = PBXBuildFile; fileRef = BF3E02ED288D3B5F0029B14D /* MainVC.swift */; };
		BF3E02F3288D3B610029B14D /* Assets.xcassets in Resources */ = {isa = PBXBuildFile; fileRef = BF3E02F2288D3B610029B14D /* Assets.xcassets */; };
		BF3E02F6288D3B610029B14D /* LaunchScreen.storyboard in Resources */ = {isa = PBXBuildFile; fileRef = BF3E02F4288D3B610029B14D /* LaunchScreen.storyboard */; };
		BF3E02FE288D3BCC0029B14D /* Extension.swift in Sources */ = {isa = PBXBuildFile; fileRef = BF3E02FD288D3BCC0029B14D /* Extension.swift */; };
		BF3E0300288D43EE0029B14D /* MainNavigationController.swift in Sources */ = {isa = PBXBuildFile; fileRef = BF3E02FF288D43EE0029B14D /* MainNavigationController.swift */; };
		BF3E0303288D52D80029B14D /* SnapKit in Frameworks */ = {isa = PBXBuildFile; productRef = BF3E0302288D52D80029B14D /* SnapKit */; };
		BF3E0305288D53900029B14D /* ChildPlantsCell.swift in Sources */ = {isa = PBXBuildFile; fileRef = BF3E0304288D538F0029B14D /* ChildPlantsCell.swift */; };
		BFD702272893391F00EF6034 /* ChildCategoriesCell.swift in Sources */ = {isa = PBXBuildFile; fileRef = BFD702262893391F00EF6034 /* ChildCategoriesCell.swift */; };
/* End PBXBuildFile section */

/* Begin PBXFileReference section */
		BF20DD9B289672C400F3F9B4 /* VideoPlayerVC.swift */ = {isa = PBXFileReference; lastKnownFileType = sourcecode.swift; path = VideoPlayerVC.swift; sourceTree = "<group>"; };
		BF20DD9D2896833700F3F9B4 /* PlantDetailsVC.swift */ = {isa = PBXFileReference; lastKnownFileType = sourcecode.swift; path = PlantDetailsVC.swift; sourceTree = "<group>"; };
		BF20DD9F2896880200F3F9B4 /* DetailsDescriptionView.swift */ = {isa = PBXFileReference; lastKnownFileType = sourcecode.swift; path = DetailsDescriptionView.swift; sourceTree = "<group>"; };
		BF20DDA12896896F00F3F9B4 /* DetailsTopView.swift */ = {isa = PBXFileReference; lastKnownFileType = sourcecode.swift; path = DetailsTopView.swift; sourceTree = "<group>"; };
		BF22F7442891A5C7000AAAD7 /* PlantsCell.swift */ = {isa = PBXFileReference; lastKnownFileType = sourcecode.swift; path = PlantsCell.swift; sourceTree = "<group>"; };
		BF28A58028947F80000F27E6 /* ChildTutorialsCell.swift */ = {isa = PBXFileReference; lastKnownFileType = sourcecode.swift; path = ChildTutorialsCell.swift; sourceTree = "<group>"; };
		BF28A582289492DB000F27E6 /* CategoriesCell.swift */ = {isa = PBXFileReference; lastKnownFileType = sourcecode.swift; path = CategoriesCell.swift; sourceTree = "<group>"; };
		BF28A584289492E6000F27E6 /* TutorialsCell.swift */ = {isa = PBXFileReference; lastKnownFileType = sourcecode.swift; path = TutorialsCell.swift; sourceTree = "<group>"; };
		BF28A586289499C3000F27E6 /* Model.swift */ = {isa = PBXFileReference; lastKnownFileType = sourcecode.swift; path = Model.swift; sourceTree = "<group>"; };
		BF28A5882894A6E8000F27E6 /* HeaderReusableView.swift */ = {isa = PBXFileReference; lastKnownFileType = sourcecode.swift; path = HeaderReusableView.swift; sourceTree = "<group>"; };
		BF3E02E6288D3B5F0029B14D /* apphw18-plant-app-nzmasadov.app */ = {isa = PBXFileReference; explicitFileType = wrapper.application; includeInIndex = 0; path = "apphw18-plant-app-nzmasadov.app"; sourceTree = BUILT_PRODUCTS_DIR; };
		BF3E02E9288D3B5F0029B14D /* AppDelegate.swift */ = {isa = PBXFileReference; lastKnownFileType = sourcecode.swift; path = AppDelegate.swift; sourceTree = "<group>"; };
		BF3E02ED288D3B5F0029B14D /* MainVC.swift */ = {isa = PBXFileReference; lastKnownFileType = sourcecode.swift; path = MainVC.swift; sourceTree = "<group>"; };
		BF3E02F2288D3B610029B14D /* Assets.xcassets */ = {isa = PBXFileReference; lastKnownFileType = folder.assetcatalog; path = Assets.xcassets; sourceTree = "<group>"; };
		BF3E02F5288D3B610029B14D /* Base */ = {isa = PBXFileReference; lastKnownFileType = file.storyboard; name = Base; path = Base.lproj/LaunchScreen.storyboard; sourceTree = "<group>"; };
		BF3E02F7288D3B610029B14D /* Info.plist */ = {isa = PBXFileReference; lastKnownFileType = text.plist.xml; path = Info.plist; sourceTree = "<group>"; };
		BF3E02FD288D3BCC0029B14D /* Extension.swift */ = {isa = PBXFileReference; lastKnownFileType = sourcecode.swift; path = Extension.swift; sourceTree = "<group>"; };
		BF3E02FF288D43EE0029B14D /* MainNavigationController.swift */ = {isa = PBXFileReference; lastKnownFileType = sourcecode.swift; path = MainNavigationController.swift; sourceTree = "<group>"; };
		BF3E0304288D538F0029B14D /* ChildPlantsCell.swift */ = {isa = PBXFileReference; lastKnownFileType = sourcecode.swift; path = ChildPlantsCell.swift; sourceTree = "<group>"; };
		BFD702262893391F00EF6034 /* ChildCategoriesCell.swift */ = {isa = PBXFileReference; lastKnownFileType = sourcecode.swift; path = ChildCategoriesCell.swift; sourceTree = "<group>"; };
/* End PBXFileReference section */

/* Begin PBXFrameworksBuildPhase section */
		BF3E02E3288D3B5F0029B14D /* Frameworks */ = {
			isa = PBXFrameworksBuildPhase;
			buildActionMask = 2147483647;
			files = (
				BF3E0303288D52D80029B14D /* SnapKit in Frameworks */,
				BF22F7432891A4D6000AAAD7 /* YPImagePicker in Frameworks */,
			);
			runOnlyForDeploymentPostprocessing = 0;
		};
/* End PBXFrameworksBuildPhase section */

/* Begin PBXGroup section */
		BF3E02DD288D3B5F0029B14D = {
			isa = PBXGroup;
			children = (
				BF3E02E8288D3B5F0029B14D /* apphw18-plant-app-nzmasadov */,
				BF3E02E7288D3B5F0029B14D /* Products */,
			);
			sourceTree = "<group>";
		};
		BF3E02E7288D3B5F0029B14D /* Products */ = {
			isa = PBXGroup;
			children = (
				BF3E02E6288D3B5F0029B14D /* apphw18-plant-app-nzmasadov.app */,
			);
			name = Products;
			sourceTree = "<group>";
		};
		BF3E02E8288D3B5F0029B14D /* apphw18-plant-app-nzmasadov */ = {
			isa = PBXGroup;
			children = (
				BF5A9AEC289563CA00AAC026 /* Resources */,
				BF5A9AE92895637500AAC026 /* Models */,
				BF5A9AEA2895637C00AAC026 /* Views */,
				BF5A9AEB2895638400AAC026 /* Controllers */,
				BF3E02F7288D3B610029B14D /* Info.plist */,
			);
			path = "apphw18-plant-app-nzmasadov";
			sourceTree = "<group>";
		};
		BF5A9AE92895637500AAC026 /* Models */ = {
			isa = PBXGroup;
			children = (
				BF28A586289499C3000F27E6 /* Model.swift */,
			);
			path = Models;
			sourceTree = "<group>";
		};
		BF5A9AEA2895637C00AAC026 /* Views */ = {
			isa = PBXGroup;
			children = (
				BF3E0304288D538F0029B14D /* ChildPlantsCell.swift */,
				BFD702262893391F00EF6034 /* ChildCategoriesCell.swift */,
				BF28A58028947F80000F27E6 /* ChildTutorialsCell.swift */,
				BF28A5882894A6E8000F27E6 /* HeaderReusableView.swift */,
				BF20DDA12896896F00F3F9B4 /* DetailsTopView.swift */,
				BF20DD9F2896880200F3F9B4 /* DetailsDescriptionView.swift */,
			);
			path = Views;
			sourceTree = "<group>";
		};
		BF5A9AEB2895638400AAC026 /* Controllers */ = {
			isa = PBXGroup;
			children = (
				BF3E02FF288D43EE0029B14D /* MainNavigationController.swift */,
				BF3E02ED288D3B5F0029B14D /* MainVC.swift */,
				BF22F7442891A5C7000AAAD7 /* PlantsCell.swift */,
				BF28A582289492DB000F27E6 /* CategoriesCell.swift */,
				BF28A584289492E6000F27E6 /* TutorialsCell.swift */,
				BF20DD9B289672C400F3F9B4 /* VideoPlayerVC.swift */,
				BF20DD9D2896833700F3F9B4 /* PlantDetailsVC.swift */,
			);
			path = Controllers;
			sourceTree = "<group>";
		};
		BF5A9AEC289563CA00AAC026 /* Resources */ = {
			isa = PBXGroup;
			children = (
				BF3E02E9288D3B5F0029B14D /* AppDelegate.swift */,
				BF3E02FD288D3BCC0029B14D /* Extension.swift */,
				BF3E02F2288D3B610029B14D /* Assets.xcassets */,
				BF3E02F4288D3B610029B14D /* LaunchScreen.storyboard */,
			);
			path = Resources;
			sourceTree = "<group>";
		};
/* End PBXGroup section */

/* Begin PBXNativeTarget section */
		BF3E02E5288D3B5F0029B14D /* apphw18-plant-app-nzmasadov */ = {
			isa = PBXNativeTarget;
			buildConfigurationList = BF3E02FA288D3B610029B14D /* Build configuration list for PBXNativeTarget "apphw18-plant-app-nzmasadov" */;
			buildPhases = (
				BF3E02E2288D3B5F0029B14D /* Sources */,
				BF3E02E3288D3B5F0029B14D /* Frameworks */,
				BF3E02E4288D3B5F0029B14D /* Resources */,
			);
			buildRules = (
			);
			dependencies = (
			);
			name = "apphw18-plant-app-nzmasadov";
			packageProductDependencies = (
				BF3E0302288D52D80029B14D /* SnapKit */,
				BF22F7422891A4D6000AAAD7 /* YPImagePicker */,
			);
			productName = "apphw18-plant-app-nzmasadov";
			productReference = BF3E02E6288D3B5F0029B14D /* apphw18-plant-app-nzmasadov.app */;
			productType = "com.apple.product-type.application";
		};
/* End PBXNativeTarget section */

/* Begin PBXProject section */
		BF3E02DE288D3B5F0029B14D /* Project object */ = {
			isa = PBXProject;
			attributes = {
				BuildIndependentTargetsInParallel = 1;
				LastSwiftUpdateCheck = 1340;
				LastUpgradeCheck = 1340;
				TargetAttributes = {
					BF3E02E5288D3B5F0029B14D = {
						CreatedOnToolsVersion = 13.4;
					};
				};
			};
			buildConfigurationList = BF3E02E1288D3B5F0029B14D /* Build configuration list for PBXProject "apphw18-plant-app-nzmasadov" */;
			compatibilityVersion = "Xcode 13.0";
			developmentRegion = en;
			hasScannedForEncodings = 0;
			knownRegions = (
				en,
				Base,
			);
			mainGroup = BF3E02DD288D3B5F0029B14D;
			packageReferences = (
				BF3E0301288D52D80029B14D /* XCRemoteSwiftPackageReference "SnapKit" */,
				BF22F7412891A4D6000AAAD7 /* XCRemoteSwiftPackageReference "YPImagePicker" */,
			);
			productRefGroup = BF3E02E7288D3B5F0029B14D /* Products */;
			projectDirPath = "";
			projectRoot = "";
			targets = (
				BF3E02E5288D3B5F0029B14D /* apphw18-plant-app-nzmasadov */,
			);
		};
/* End PBXProject section */

/* Begin PBXResourcesBuildPhase section */
		BF3E02E4288D3B5F0029B14D /* Resources */ = {
			isa = PBXResourcesBuildPhase;
			buildActionMask = 2147483647;
			files = (
				BF3E02F6288D3B610029B14D /* LaunchScreen.storyboard in Resources */,
				BF3E02F3288D3B610029B14D /* Assets.xcassets in Resources */,
			);
			runOnlyForDeploymentPostprocessing = 0;
		};
/* End PBXResourcesBuildPhase section */

/* Begin PBXSourcesBuildPhase section */
		BF3E02E2288D3B5F0029B14D /* Sources */ = {
			isa = PBXSourcesBuildPhase;
			buildActionMask = 2147483647;
			files = (
				BF28A583289492DB000F27E6 /* CategoriesCell.swift in Sources */,
				BF20DD9E2896833700F3F9B4 /* PlantDetailsVC.swift in Sources */,
				BF28A585289492E6000F27E6 /* TutorialsCell.swift in Sources */,
				BF20DDA22896896F00F3F9B4 /* DetailsTopView.swift in Sources */,
				BF3E02FE288D3BCC0029B14D /* Extension.swift in Sources */,
				BF22F7452891A5C7000AAAD7 /* PlantsCell.swift in Sources */,
				BF28A58128947F80000F27E6 /* ChildTutorialsCell.swift in Sources */,
				BF3E02EE288D3B5F0029B14D /* MainVC.swift in Sources */,
				BF3E0300288D43EE0029B14D /* MainNavigationController.swift in Sources */,
				BF28A5892894A6E8000F27E6 /* HeaderReusableView.swift in Sources */,
				BF20DDA02896880200F3F9B4 /* DetailsDescriptionView.swift in Sources */,
				BF3E0305288D53900029B14D /* ChildPlantsCell.swift in Sources */,
				BF20DD9C289672C500F3F9B4 /* VideoPlayerVC.swift in Sources */,
				BF28A587289499C3000F27E6 /* Model.swift in Sources */,
				BFD702272893391F00EF6034 /* ChildCategoriesCell.swift in Sources */,
				BF3E02EA288D3B5F0029B14D /* AppDelegate.swift in Sources */,
			);
			runOnlyForDeploymentPostprocessing = 0;
		};
/* End PBXSourcesBuildPhase section */

/* Begin PBXVariantGroup section */
		BF3E02F4288D3B610029B14D /* LaunchScreen.storyboard */ = {
			isa = PBXVariantGroup;
			children = (
				BF3E02F5288D3B610029B14D /* Base */,
			);
			name = LaunchScreen.storyboard;
			sourceTree = "<group>";
		};
/* End PBXVariantGroup section */

/* Begin XCBuildConfiguration section */
		BF3E02F8288D3B610029B14D /* Debug */ = {
			isa = XCBuildConfiguration;
			buildSettings = {
				ALWAYS_SEARCH_USER_PATHS = NO;
				CLANG_ANALYZER_NONNULL = YES;
				CLANG_ANALYZER_NUMBER_OBJECT_CONVERSION = YES_AGGRESSIVE;
				CLANG_CXX_LANGUAGE_STANDARD = "gnu++17";
				CLANG_ENABLE_MODULES = YES;
				CLANG_ENABLE_OBJC_ARC = YES;
				CLANG_ENABLE_OBJC_WEAK = YES;
				CLANG_WARN_BLOCK_CAPTURE_AUTORELEASING = YES;
				CLANG_WARN_BOOL_CONVERSION = YES;
				CLANG_WARN_COMMA = YES;
				CLANG_WARN_CONSTANT_CONVERSION = YES;
				CLANG_WARN_DEPRECATED_OBJC_IMPLEMENTATIONS = YES;
				CLANG_WARN_DIRECT_OBJC_ISA_USAGE = YES_ERROR;
				CLANG_WARN_DOCUMENTATION_COMMENTS = YES;
				CLANG_WARN_EMPTY_BODY = YES;
				CLANG_WARN_ENUM_CONVERSION = YES;
				CLANG_WARN_INFINITE_RECURSION = YES;
				CLANG_WARN_INT_CONVERSION = YES;
				CLANG_WARN_NON_LITERAL_NULL_CONVERSION = YES;
				CLANG_WARN_OBJC_IMPLICIT_RETAIN_SELF = YES;
				CLANG_WARN_OBJC_LITERAL_CONVERSION = YES;
				CLANG_WARN_OBJC_ROOT_CLASS = YES_ERROR;
				CLANG_WARN_QUOTED_INCLUDE_IN_FRAMEWORK_HEADER = YES;
				CLANG_WARN_RANGE_LOOP_ANALYSIS = YES;
				CLANG_WARN_STRICT_PROTOTYPES = YES;
				CLANG_WARN_SUSPICIOUS_MOVE = YES;
				CLANG_WARN_UNGUARDED_AVAILABILITY = YES_AGGRESSIVE;
				CLANG_WARN_UNREACHABLE_CODE = YES;
				CLANG_WARN__DUPLICATE_METHOD_MATCH = YES;
				COPY_PHASE_STRIP = NO;
				DEBUG_INFORMATION_FORMAT = dwarf;
				ENABLE_STRICT_OBJC_MSGSEND = YES;
				ENABLE_TESTABILITY = YES;
				GCC_C_LANGUAGE_STANDARD = gnu11;
				GCC_DYNAMIC_NO_PIC = NO;
				GCC_NO_COMMON_BLOCKS = YES;
				GCC_OPTIMIZATION_LEVEL = 0;
				GCC_PREPROCESSOR_DEFINITIONS = (
					"DEBUG=1",
					"$(inherited)",
				);
				GCC_WARN_64_TO_32_BIT_CONVERSION = YES;
				GCC_WARN_ABOUT_RETURN_TYPE = YES_ERROR;
				GCC_WARN_UNDECLARED_SELECTOR = YES;
				GCC_WARN_UNINITIALIZED_AUTOS = YES_AGGRESSIVE;
				GCC_WARN_UNUSED_FUNCTION = YES;
				GCC_WARN_UNUSED_VARIABLE = YES;
				IPHONEOS_DEPLOYMENT_TARGET = 15.5;
				MTL_ENABLE_DEBUG_INFO = INCLUDE_SOURCE;
				MTL_FAST_MATH = YES;
				ONLY_ACTIVE_ARCH = YES;
				SDKROOT = iphoneos;
				SWIFT_ACTIVE_COMPILATION_CONDITIONS = DEBUG;
				SWIFT_OPTIMIZATION_LEVEL = "-Onone";
			};
			name = Debug;
		};
		BF3E02F9288D3B610029B14D /* Release */ = {
			isa = XCBuildConfiguration;
			buildSettings = {
				ALWAYS_SEARCH_USER_PATHS = NO;
				CLANG_ANALYZER_NONNULL = YES;
				CLANG_ANALYZER_NUMBER_OBJECT_CONVERSION = YES_AGGRESSIVE;
				CLANG_CXX_LANGUAGE_STANDARD = "gnu++17";
				CLANG_ENABLE_MODULES = YES;
				CLANG_ENABLE_OBJC_ARC = YES;
				CLANG_ENABLE_OBJC_WEAK = YES;
				CLANG_WARN_BLOCK_CAPTURE_AUTORELEASING = YES;
				CLANG_WARN_BOOL_CONVERSION = YES;
				CLANG_WARN_COMMA = YES;
				CLANG_WARN_CONSTANT_CONVERSION = YES;
				CLANG_WARN_DEPRECATED_OBJC_IMPLEMENTATIONS = YES;
				CLANG_WARN_DIRECT_OBJC_ISA_USAGE = YES_ERROR;
				CLANG_WARN_DOCUMENTATION_COMMENTS = YES;
				CLANG_WARN_EMPTY_BODY = YES;
				CLANG_WARN_ENUM_CONVERSION = YES;
				CLANG_WARN_INFINITE_RECURSION = YES;
				CLANG_WARN_INT_CONVERSION = YES;
				CLANG_WARN_NON_LITERAL_NULL_CONVERSION = YES;
				CLANG_WARN_OBJC_IMPLICIT_RETAIN_SELF = YES;
				CLANG_WARN_OBJC_LITERAL_CONVERSION = YES;
				CLANG_WARN_OBJC_ROOT_CLASS = YES_ERROR;
				CLANG_WARN_QUOTED_INCLUDE_IN_FRAMEWORK_HEADER = YES;
				CLANG_WARN_RANGE_LOOP_ANALYSIS = YES;
				CLANG_WARN_STRICT_PROTOTYPES = YES;
				CLANG_WARN_SUSPICIOUS_MOVE = YES;
				CLANG_WARN_UNGUARDED_AVAILABILITY = YES_AGGRESSIVE;
				CLANG_WARN_UNREACHABLE_CODE = YES;
				CLANG_WARN__DUPLICATE_METHOD_MATCH = YES;
				COPY_PHASE_STRIP = NO;
				DEBUG_INFORMATION_FORMAT = "dwarf-with-dsym";
				ENABLE_NS_ASSERTIONS = NO;
				ENABLE_STRICT_OBJC_MSGSEND = YES;
				GCC_C_LANGUAGE_STANDARD = gnu11;
				GCC_NO_COMMON_BLOCKS = YES;
				GCC_WARN_64_TO_32_BIT_CONVERSION = YES;
				GCC_WARN_ABOUT_RETURN_TYPE = YES_ERROR;
				GCC_WARN_UNDECLARED_SELECTOR = YES;
				GCC_WARN_UNINITIALIZED_AUTOS = YES_AGGRESSIVE;
				GCC_WARN_UNUSED_FUNCTION = YES;
				GCC_WARN_UNUSED_VARIABLE = YES;
				IPHONEOS_DEPLOYMENT_TARGET = 15.5;
				MTL_ENABLE_DEBUG_INFO = NO;
				MTL_FAST_MATH = YES;
				SDKROOT = iphoneos;
				SWIFT_COMPILATION_MODE = wholemodule;
				SWIFT_OPTIMIZATION_LEVEL = "-O";
				VALIDATE_PRODUCT = YES;
			};
			name = Release;
		};
		BF3E02FB288D3B610029B14D /* Debug */ = {
			isa = XCBuildConfiguration;
			buildSettings = {
				ASSETCATALOG_COMPILER_APPICON_NAME = AppIcon;
				ASSETCATALOG_COMPILER_GLOBAL_ACCENT_COLOR_NAME = AccentColor;
				CODE_SIGN_STYLE = Automatic;
				CURRENT_PROJECT_VERSION = 1;
				DEVELOPMENT_TEAM = 6HY29LK9SJ;
				GENERATE_INFOPLIST_FILE = YES;
				INFOPLIST_FILE = "apphw18-plant-app-nzmasadov/Info.plist";
				INFOPLIST_KEY_UIApplicationSupportsIndirectInputEvents = YES;
				INFOPLIST_KEY_UILaunchStoryboardName = LaunchScreen;
				INFOPLIST_KEY_UISupportedInterfaceOrientations_iPad = "UIInterfaceOrientationPortrait UIInterfaceOrientationPortraitUpsideDown UIInterfaceOrientationLandscapeLeft UIInterfaceOrientationLandscapeRight";
				INFOPLIST_KEY_UISupportedInterfaceOrientations_iPhone = "UIInterfaceOrientationPortrait UIInterfaceOrientationLandscapeLeft UIInterfaceOrientationLandscapeRight";
				LD_RUNPATH_SEARCH_PATHS = (
					"$(inherited)",
					"@executable_path/Frameworks",
				);
				MARKETING_VERSION = 1.0;
				PRODUCT_BUNDLE_IDENTIFIER = "com.nzm.apphw18-plant-app-nzmasadov";
				PRODUCT_NAME = "$(TARGET_NAME)";
				SWIFT_EMIT_LOC_STRINGS = YES;
				SWIFT_VERSION = 5.0;
				TARGETED_DEVICE_FAMILY = "1,2";
			};
			name = Debug;
		};
		BF3E02FC288D3B610029B14D /* Release */ = {
			isa = XCBuildConfiguration;
			buildSettings = {
				ASSETCATALOG_COMPILER_APPICON_NAME = AppIcon;
				ASSETCATALOG_COMPILER_GLOBAL_ACCENT_COLOR_NAME = AccentColor;
				CODE_SIGN_STYLE = Automatic;
				CURRENT_PROJECT_VERSION = 1;
				DEVELOPMENT_TEAM = 6HY29LK9SJ;
				GENERATE_INFOPLIST_FILE = YES;
				INFOPLIST_FILE = "apphw18-plant-app-nzmasadov/Info.plist";
				INFOPLIST_KEY_UIApplicationSupportsIndirectInputEvents = YES;
				INFOPLIST_KEY_UILaunchStoryboardName = LaunchScreen;
				INFOPLIST_KEY_UISupportedInterfaceOrientations_iPad = "UIInterfaceOrientationPortrait UIInterfaceOrientationPortraitUpsideDown UIInterfaceOrientationLandscapeLeft UIInterfaceOrientationLandscapeRight";
				INFOPLIST_KEY_UISupportedInterfaceOrientations_iPhone = "UIInterfaceOrientationPortrait UIInterfaceOrientationLandscapeLeft UIInterfaceOrientationLandscapeRight";
				LD_RUNPATH_SEARCH_PATHS = (
					"$(inherited)",
					"@executable_path/Frameworks",
				);
				MARKETING_VERSION = 1.0;
				PRODUCT_BUNDLE_IDENTIFIER = "com.nzm.apphw18-plant-app-nzmasadov";
				PRODUCT_NAME = "$(TARGET_NAME)";
				SWIFT_EMIT_LOC_STRINGS = YES;
				SWIFT_VERSION = 5.0;
				TARGETED_DEVICE_FAMILY = "1,2";
			};
			name = Release;
		};
/* End XCBuildConfiguration section */

/* Begin XCConfigurationList section */
		BF3E02E1288D3B5F0029B14D /* Build configuration list for PBXProject "apphw18-plant-app-nzmasadov" */ = {
			isa = XCConfigurationList;
			buildConfigurations = (
				BF3E02F8288D3B610029B14D /* Debug */,
				BF3E02F9288D3B610029B14D /* Release */,
			);
			defaultConfigurationIsVisible = 0;
			defaultConfigurationName = Release;
		};
		BF3E02FA288D3B610029B14D /* Build configuration list for PBXNativeTarget "apphw18-plant-app-nzmasadov" */ = {
			isa = XCConfigurationList;
			buildConfigurations = (
				BF3E02FB288D3B610029B14D /* Debug */,
				BF3E02FC288D3B610029B14D /* Release */,
			);
			defaultConfigurationIsVisible = 0;
			defaultConfigurationName = Release;
		};
/* End XCConfigurationList section */

/* Begin XCRemoteSwiftPackageReference section */
		BF22F7412891A4D6000AAAD7 /* XCRemoteSwiftPackageReference "YPImagePicker" */ = {
			isa = XCRemoteSwiftPackageReference;
			repositoryURL = "https://github.com/Yummypets/YPImagePicker";
			requirement = {
				branch = master;
				kind = branch;
			};
		};
		BF3E0301288D52D80029B14D /* XCRemoteSwiftPackageReference "SnapKit" */ = {
			isa = XCRemoteSwiftPackageReference;
			repositoryURL = "https://github.com/SnapKit/SnapKit";
			requirement = {
				kind = upToNextMinorVersion;
				minimumVersion = 5.6.0;
			};
		};
/* End XCRemoteSwiftPackageReference section */

/* Begin XCSwiftPackageProductDependency section */
		BF22F7422891A4D6000AAAD7 /* YPImagePicker */ = {
			isa = XCSwiftPackageProductDependency;
			package = BF22F7412891A4D6000AAAD7 /* XCRemoteSwiftPackageReference "YPImagePicker" */;
			productName = YPImagePicker;
		};
		BF3E0302288D52D80029B14D /* SnapKit */ = {
			isa = XCSwiftPackageProductDependency;
			package = BF3E0301288D52D80029B14D /* XCRemoteSwiftPackageReference "SnapKit" */;
			productName = SnapKit;
		};
/* End XCSwiftPackageProductDependency section */
	};
	rootObject = BF3E02DE288D3B5F0029B14D /* Project object */;
}
